
Microsoft Visual Studio Solution File, Format Version 12.00
# Visual Studio 2012
Project("{FAE04EC0-301F-11D3-BF4B-00C04F79EFBC}") = "Playr.Api", "Playr.Api\Playr.Api.csproj", "{4AE1F493-2CF4-4B08-94BD-E6E2EAF92166}"
EndProject
Project("{2150E333-8FDC-42A3-9474-1A3956D46DE8}") = ".nuget", ".nuget", "{2BB01C50-F3FA-4C68-8297-8FD72B4CAF5E}"
	ProjectSection(SolutionItems) = preProject
		.nuget\NuGet.Config = .nuget\NuGet.Config
		.nuget\NuGet.exe = .nuget\NuGet.exe
		.nuget\NuGet.targets = .nuget\NuGet.targets
	EndProjectSection
EndProject
Project("{FAE04EC0-301F-11D3-BF4B-00C04F79EFBC}") = "Playr.Web", "Playr.Web\Playr.Web.csproj", "{9549F9A0-ABBB-446D-B714-25649DAC01AA}"
	ProjectSection(ProjectDependencies) = postProject
		{4AE1F493-2CF4-4B08-94BD-E6E2EAF92166} = {4AE1F493-2CF4-4B08-94BD-E6E2EAF92166}
	EndProjectSection
EndProject
Project("{FAE04EC0-301F-11D3-BF4B-00C04F79EFBC}") = "Playr", "Playr\Playr.csproj", "{9EE634F4-FF17-46AB-B5E6-435D2A900330}"
EndProject
Global
	GlobalSection(SolutionConfigurationPlatforms) = preSolution
		Debug|Any CPU = Debug|Any CPU
		Release|Any CPU = Release|Any CPU
	EndGlobalSection
	GlobalSection(ProjectConfigurationPlatforms) = postSolution
		{4AE1F493-2CF4-4B08-94BD-E6E2EAF92166}.Debug|Any CPU.ActiveCfg = Debug|Any CPU
		{4AE1F493-2CF4-4B08-94BD-E6E2EAF92166}.Release|Any CPU.ActiveCfg = Release|Any CPU
		{9549F9A0-ABBB-446D-B714-25649DAC01AA}.Debug|Any CPU.ActiveCfg = Debug|Any CPU
		{9549F9A0-ABBB-446D-B714-25649DAC01AA}.Release|Any CPU.ActiveCfg = Release|Any CPU
		{9EE634F4-FF17-46AB-B5E6-435D2A900330}.Debug|Any CPU.ActiveCfg = Debug|Any CPU
		{9EE634F4-FF17-46AB-B5E6-435D2A900330}.Debug|Any CPU.Build.0 = Debug|Any CPU
		{9EE634F4-FF17-46AB-B5E6-435D2A900330}.Release|Any CPU.ActiveCfg = Release|Any CPU
		{9EE634F4-FF17-46AB-B5E6-435D2A900330}.Release|Any CPU.Build.0 = Release|Any CPU
	EndGlobalSection
	GlobalSection(SolutionProperties) = preSolution
		HideSolutionNode = FALSE
	EndGlobalSection
EndGlobal
